
Microsoft Visual Studio Solution File, Format Version 12.00
# Visual Studio Version 16
VisualStudioVersion = 16.0.33214.272
MinimumVisualStudioVersion = 10.0.40219.1
Project("{FAE04EC0-301F-11D3-BF4B-00C04F79EFBC}") = "New programs", "New programs\New programs.csproj", "{F6346837-6ECF-4717-B0CB-A21179769E5F}"
EndProject
Global
	GlobalSection(SolutionConfigurationPlatforms) = preSolution
		Debug|Any CPU = Debug|Any CPU
		Release|Any CPU = Release|Any CPU
	EndGlobalSection
	GlobalSection(ProjectConfigurationPlatforms) = postSolution
		{F6346837-6ECF-4717-B0CB-A21179769E5F}.Debug|Any CPU.ActiveCfg = Debug|Any CPU
		{F6346837-6ECF-4717-B0CB-A21179769E5F}.Debug|Any CPU.Build.0 = Debug|Any CPU
		{F6346837-6ECF-4717-B0CB-A21179769E5F}.Release|Any CPU.ActiveCfg = Release|Any CPU
		{F6346837-6ECF-4717-B0CB-A21179769E5F}.Release|Any CPU.Build.0 = Release|Any CPU
	EndGlobalSection
	GlobalSection(SolutionProperties) = preSolution
		HideSolutionNode = FALSE
	EndGlobalSection
	GlobalSection(ExtensibilityGlobals) = postSolution
		SolutionGuid = {99285055-EA26-432E-9D88-DDF9E176BA4D}
	EndGlobalSection
EndGlobal
